
Microsoft Visual Studio Solution File, Format Version 12.00
# Visual Studio Version 17
VisualStudioVersion = 17.4.33213.308
MinimumVisualStudioVersion = 10.0.40219.1
Project("{FAE04EC0-301F-11D3-BF4B-00C04F79EFBC}") = "Sistemas_Asistencias", "Sistemas_Asistencias\Sistemas_Asistencias.csproj", "{18D3B7EC-6211-4124-A0BF-863164C44360}"
EndProject
Global
	GlobalSection(SolutionConfigurationPlatforms) = preSolution
		Debug|Any CPU = Debug|Any CPU
		Release|Any CPU = Release|Any CPU
	EndGlobalSection
	GlobalSection(ProjectConfigurationPlatforms) = postSolution
		{18D3B7EC-6211-4124-A0BF-863164C44360}.Debug|Any CPU.ActiveCfg = Debug|Any CPU
		{18D3B7EC-6211-4124-A0BF-863164C44360}.Debug|Any CPU.Build.0 = Debug|Any CPU
		{18D3B7EC-6211-4124-A0BF-863164C44360}.Release|Any CPU.ActiveCfg = Release|Any CPU
		{18D3B7EC-6211-4124-A0BF-863164C44360}.Release|Any CPU.Build.0 = Release|Any CPU
	EndGlobalSection
	GlobalSection(SolutionProperties) = preSolution
		HideSolutionNode = FALSE
	EndGlobalSection
	GlobalSection(ExtensibilityGlobals) = postSolution
		SolutionGuid = {F1208C37-9DCC-45C2-8955-15641F8FF717}
	EndGlobalSection
EndGlobal
